
Microsoft Visual Studio Solution File, Format Version 12.00
# Visual Studio Version 17
VisualStudioVersion = 17.5.33627.172
MinimumVisualStudioVersion = 10.0.40219.1
Project("{FAE04EC0-301F-11D3-BF4B-00C04F79EFBC}") = "TestePratico.ModalGR.CMD", "TestePratico.ModalGR.CMD.csproj", "{071EA51E-19DB-4E9F-A744-B14F6D99ED7A}"
EndProject
Global
	GlobalSection(SolutionConfigurationPlatforms) = preSolution
		Debug|Any CPU = Debug|Any CPU
		Release|Any CPU = Release|Any CPU
	EndGlobalSection
	GlobalSection(ProjectConfigurationPlatforms) = postSolution
		{071EA51E-19DB-4E9F-A744-B14F6D99ED7A}.Debug|Any CPU.ActiveCfg = Debug|Any CPU
		{071EA51E-19DB-4E9F-A744-B14F6D99ED7A}.Debug|Any CPU.Build.0 = Debug|Any CPU
		{071EA51E-19DB-4E9F-A744-B14F6D99ED7A}.Release|Any CPU.ActiveCfg = Release|Any CPU
		{071EA51E-19DB-4E9F-A744-B14F6D99ED7A}.Release|Any CPU.Build.0 = Release|Any CPU
	EndGlobalSection
	GlobalSection(SolutionProperties) = preSolution
		HideSolutionNode = FALSE
	EndGlobalSection
	GlobalSection(ExtensibilityGlobals) = postSolution
		SolutionGuid = {59670EFF-B82E-4E7E-9877-18AFD81F5AA1}
	EndGlobalSection
EndGlobal
